
Microsoft Visual Studio Solution File, Format Version 12.00
# Visual Studio Version 17
VisualStudioVersion = 17.1.32228.430
MinimumVisualStudioVersion = 10.0.40219.1
Project("{FAE04EC0-301F-11D3-BF4B-00C04F79EFBC}") = "prjBibliotec.API", "prjBibliotec.API.csproj", "{374F3876-FC3A-4743-BD3C-17197403674A}"
EndProject
Global
	GlobalSection(SolutionConfigurationPlatforms) = preSolution
		Debug|Any CPU = Debug|Any CPU
		Release|Any CPU = Release|Any CPU
	EndGlobalSection
	GlobalSection(ProjectConfigurationPlatforms) = postSolution
		{374F3876-FC3A-4743-BD3C-17197403674A}.Debug|Any CPU.ActiveCfg = Debug|Any CPU
		{374F3876-FC3A-4743-BD3C-17197403674A}.Debug|Any CPU.Build.0 = Debug|Any CPU
		{374F3876-FC3A-4743-BD3C-17197403674A}.Release|Any CPU.ActiveCfg = Release|Any CPU
		{374F3876-FC3A-4743-BD3C-17197403674A}.Release|Any CPU.Build.0 = Release|Any CPU
	EndGlobalSection
	GlobalSection(SolutionProperties) = preSolution
		HideSolutionNode = FALSE
	EndGlobalSection
	GlobalSection(ExtensibilityGlobals) = postSolution
		SolutionGuid = {3718720D-1025-444D-94DC-0DC7D4C9D630}
	EndGlobalSection
EndGlobal
